
Microsoft Visual Studio Solution File, Format Version 12.00
Project("{2150E333-8FDC-42A3-9474-1A3956D46DE8}") = "src", "src", "{45FCB926-6D97-46EC-97B6-CFF245883448}"
EndProject
Project("{2150E333-8FDC-42A3-9474-1A3956D46DE8}") = "tests", "tests", "{4E429AEE-D971-4764-9A79-8F71ABFC97B3}"
EndProject
Project("{FAE04EC0-301F-11D3-BF4B-00C04F79EFBC}") = "BugTraq.Api", "BugTraq.Api.csproj", "{5A98147D-41D7-45EE-9516-4E4C1A4E29D8}"
EndProject
Global
	GlobalSection(SolutionConfigurationPlatforms) = preSolution
		Debug|Any CPU = Debug|Any CPU
		Release|Any CPU = Release|Any CPU
	EndGlobalSection
	GlobalSection(NestedProjects) = preSolution
		{5A98147D-41D7-45EE-9516-4E4C1A4E29D8} = {45FCB926-6D97-46EC-97B6-CFF245883448}
	EndGlobalSection
	GlobalSection(ProjectConfigurationPlatforms) = postSolution
		{5A98147D-41D7-45EE-9516-4E4C1A4E29D8}.Debug|Any CPU.ActiveCfg = Debug|Any CPU
		{5A98147D-41D7-45EE-9516-4E4C1A4E29D8}.Debug|Any CPU.Build.0 = Debug|Any CPU
		{5A98147D-41D7-45EE-9516-4E4C1A4E29D8}.Release|Any CPU.ActiveCfg = Release|Any CPU
		{5A98147D-41D7-45EE-9516-4E4C1A4E29D8}.Release|Any CPU.Build.0 = Release|Any CPU
	EndGlobalSection
EndGlobal
